{
  "version": 1,
  "dependencies": {
    "net10.0-windows7.0": {
      "Blake3": {
        "type": "Direct",
        "requested": "[2.2.1, )",
        "resolved": "2.2.1",
        "contentHash": "HfNW2Iiy4hCaVDVGFEyk0mks+M5HSU3O8O517LyYkI6FFuj2jpvNlag4kGQFDSRmJi4/axgOei8k02NKq/uoDg=="
      },
      "Brio.API": {
        "type": "Direct",
        "requested": "[3.0.1, )",
        "resolved": "3.0.1",
        "contentHash": "40MD49ETqyGsdHGoG3JF/BFcNAphRqi27+ZxfDk2Aj7gAkzDFe7C2UVGirUByrUIj8lxiz9eEoB2i7O9lefEPQ=="
      },
      "DalamudPackager": {
        "type": "Direct",
        "requested": "[15.0.0, )",
        "resolved": "15.0.0",
        "contentHash": "411vwC8/X8Z/sQ2TI6v3SvOn66xFPeOjFn3Zn+h0d3Ox2t1kFm66AhDvmx/qcMwVrR+Hidxj0dadpQ2dgyXMBQ=="
      },
      "DotNet.ReproducibleBuilds": {
        "type": "Direct",
        "requested": "[2.0.5, )",
        "resolved": "2.0.5",
        "contentHash": "8LrlvI1KpjjJ4VGSqZ16yoOCKlQnYS+Y8rYNifNrscmVh5anJcF9E4e0NiDP30BHBMUbkoJ5KdcxoRWM7Pz9Aw=="
      },
      "ElezenTools": {
        "type": "Direct",
        "requested": "[15.56.0, )",
        "resolved": "15.56.0",
        "contentHash": "lzN0aWWYPNjG1Und4kfkXN+5gOy2wQCWoTUdri/x0c99HhZRwIlWj0xokcLl4Qsb6rDBaoZ6k1lG7uyeoLTuZA==",
        "dependencies": {
          "Microsoft.Extensions.Logging": "10.0.9"
        }
      },
      "ElezenTools.Core": {
        "type": "Direct",
        "requested": "[15.56.0, )",
        "resolved": "15.56.0",
        "contentHash": "Q4dQk0ShVxmvCfIIgBD3DuV6WayS3gHgZpTSX4Zelz3XeXEl9BbCncV60tTZgDmuXU42jUYJ0CBlNPyCv7mrRQ==",
        "dependencies": {
          "Microsoft.Extensions.Logging.Abstractions": "10.0.9"
        }
      },
      "Glamourer.Api": {
        "type": "Direct",
        "requested": "[2.8.2, )",
        "resolved": "2.8.2",
        "contentHash": "+mEzejUhvJLcpTjv4Hk6ap22WiEPyEa9wg1EECFwDJim1B+fKy3l4iWlvjaoEFlfp+nB67BZp8KBiHclsEBQQw=="
      },
      "K4os.Compression.LZ4.Legacy": {
        "type": "Direct",
        "requested": "[1.3.8, )",
        "resolved": "1.3.8",
        "contentHash": "+82CK5zXbGjMnVLm2JJpsSAz3+4CRcMmxUDOmehUh1bDjrmpnc5VHxB14hiV1lXtqe53lNI+O76BQvgWhgI66g==",
        "dependencies": {
          "K4os.Compression.LZ4": "1.3.8"
        }
      },
      "K4os.Compression.LZ4.Streams": {
        "type": "Direct",
        "requested": "[1.3.8, )",
        "resolved": "1.3.8",
        "contentHash": "P15qr8dZAeo9GvYbUIPEYFQ0MEJ0i5iqr37wsYeRC3la2uCldOoeCa6to0CZ1taiwxIV+Mk8NGuZi+4iWivK9w==",
        "dependencies": {
          "K4os.Compression.LZ4": "1.3.8",
          "K4os.Hash.xxHash": "1.0.8"
        }
      },
      "MemoryPack": {
        "type": "Direct",
        "requested": "[1.21.4, )",
        "resolved": "1.21.4",
        "contentHash": "wy3JTBNBsO8LfQcBvvYsWr3lm2Oakolrfu0UQ3oSJSEiD+7ye0GUhYTaXuYYBowqsXBXWD9gf2218ae0JRiYVQ==",
        "dependencies": {
          "MemoryPack.Core": "1.21.4",
          "MemoryPack.Generator": "1.21.4"
        }
      },
      "MemoryPack.Core": {
        "type": "Direct",
        "requested": "[1.21.4, )",
        "resolved": "1.21.4",
        "contentHash": "6RszGorZ0ejNmp37ZcboPBMvvPCuNW2jlrdQfcs/lMzE5b3pmPF6hsm/laDc34hRlbAST1ZxaX/DvYu2DF5sBQ=="
      },
      "MemoryPack.Generator": {
        "type": "Direct",
        "requested": "[1.21.4, )",
        "resolved": "1.21.4",
        "contentHash": "g14EsSS85yn0lHTi0J9ivqlZMf09A2iI51fmI+0KkzIzyCbWOBWPi5mdaY7YWmXprk12aYh9u/qfWHQUYthlwg=="
      },
      "MessagePack": {
        "type": "Direct",
        "requested": "[3.1.8, )",
        "resolved": "3.1.8",
        "contentHash": "Qk2q+9FVxnMSp+NQ9y3SLz3HqWe7Rg3KRMHhBX28FkKUoOeP9YIU86mA4pFOxDDjUIRA9e7Ssbxs/LwWUcAzPw==",
        "dependencies": {
          "MessagePack.Annotations": "3.1.8",
          "MessagePackAnalyzer": "3.1.8",
          "Microsoft.NET.StringTools": "17.11.4"
        }
      },
      "MessagePack.Annotations": {
        "type": "Direct",
        "requested": "[3.1.8, )",
        "resolved": "3.1.8",
        "contentHash": "SitOtZ4tOlAZZPF7p52M7143F+Cuz7o/aU0MrtAXX0+ZkPXzDNroOFhzzE2ogMFThsoEW/E6akXVVcBFM9ZKaw=="
      },
      "Meziantou.Analyzer": {
        "type": "Direct",
        "requested": "[3.0.254, )",
        "resolved": "3.0.254",
        "contentHash": "s0RPu6/jgsPXInYdwDI+RZtlBC08RBF7bGA2D4nSiXbgppK9vWKFb1pHiKbmNrsS7FAK08EYwcB++e3JEG6vfw=="
      },
      "Microsoft.AspNetCore.SignalR.Client": {
        "type": "Direct",
        "requested": "[10.0.12, )",
        "resolved": "10.0.12",
        "contentHash": "p5EFZrp20HlS1MbYkreyhHy4nXeq/LrXVLWbQLBuAz2eFCdSnKfoNVlxZYbFoEjzJxa68CYdEFe9ObCaYTUP8Q==",
        "dependencies": {
          "Microsoft.AspNetCore.Http.Connections.Client": "10.0.12",
          "Microsoft.AspNetCore.SignalR.Client.Core": "10.0.12"
        }
      },
      "Microsoft.AspNetCore.SignalR.Protocols.MessagePack": {
        "type": "Direct",
        "requested": "[10.0.12, )",
        "resolved": "10.0.12",
        "contentHash": "RMytyb+1b+UI7m2NjYPMlkr6D//2OVSV7eBpmP6RQOOI4fuwk+h3xliGaX3O/fG13f60+Re480rc6xmN7jNg6w==",
        "dependencies": {
          "MessagePack": "2.5.302",
          "Microsoft.AspNetCore.SignalR.Common": "10.0.12"
        }
      },
      "Microsoft.Data.Sqlite": {
        "type": "Direct",
        "requested": "[10.0.12, )",
        "resolved": "10.0.12",
        "contentHash": "xUq9xUc653ue7ac2rMfCaf8UQN+U3zS8poWYlugycpvJllplMM0Mk7v/+MM0CTlu9zGvbGML4BPH8YWhrUOfGw==",
        "dependencies": {
          "Microsoft.Data.Sqlite.Core": "10.0.12",
          "SQLitePCLRaw.bundle_e_sqlite3": "2.1.12",
          "SQLitePCLRaw.core": "2.1.12"
        }
      },
      "Microsoft.Extensions.Hosting": {
        "type": "Direct",
        "requested": "[10.0.12, )",
        "resolved": "10.0.12",
        "contentHash": "dzPj59oALFLu9TA4YUrfxqXEcbJVen/D2kOoitgM1lXBeSvPwPR8rOrrV0NKilCV3K0l4o+TLJJ3a1wmTu40Uw==",
        "dependencies": {
          "Microsoft.Extensions.Configuration": "10.0.12",
          "Microsoft.Extensions.Configuration.Abstractions": "10.0.12",
          "Microsoft.Extensions.Configuration.Binder": "10.0.12",
          "Microsoft.Extensions.Configuration.CommandLine": "10.0.12",
          "Microsoft.Extensions.Configuration.EnvironmentVariables": "10.0.12",
          "Microsoft.Extensions.Configuration.FileExtensions": "10.0.12",
          "Microsoft.Extensions.Configuration.Json": "10.0.12",
          "Microsoft.Extensions.Configuration.UserSecrets": "10.0.12",
          "Microsoft.Extensions.DependencyInjection": "10.0.12",
          "Microsoft.Extensions.DependencyInjection.Abstractions": "10.0.12",
          "Microsoft.Extensions.Diagnostics": "10.0.12",
          "Microsoft.Extensions.FileProviders.Abstractions": "10.0.12",
          "Microsoft.Extensions.FileProviders.Physical": "10.0.12",
          "Microsoft.Extensions.Hosting.Abstractions": "10.0.12",
          "Microsoft.Extensions.Logging": "10.0.12",
          "Microsoft.Extensions.Logging.Abstractions": "10.0.12",
          "Microsoft.Extensions.Logging.Configuration": "10.0.12",
          "Microsoft.Extensions.Logging.Console": "10.0.12",
          "Microsoft.Extensions.Logging.Debug": "10.0.12",
          "Microsoft.Extensions.Logging.EventLog": "10.0.12",
          "Microsoft.Extensions.Logging.EventSource": "10.0.12",
          "Microsoft.Extensions.Options": "10.0.12"
        }
      },
      "NAudio": {
        "type": "Direct",
        "requested": "[2.4.0, )",
        "resolved": "2.4.0",
        "contentHash": "/XEZxytbWnwHbdRg5iEELr5rKPBnY9QheYMWUpamyka6T3OEaui+qqrINF1mGpAvDw8Q/lKvBsdJTzM/bchDyA==",
        "dependencies": {
          "NAudio.Asio": "2.4.0",
          "NAudio.Core": "2.4.0",
          "NAudio.Midi": "2.4.0",
          "NAudio.Wasapi": "2.4.0",
          "NAudio.WinForms": "2.4.0",
          "NAudio.WinMM": "2.4.0"
        }
      },
      "Penumbra.Api": {
        "type": "Direct",
        "requested": "[5.15.1, )",
        "resolved": "5.15.1",
        "contentHash": "3ikk0zIOaLm2n3nZRQpW3xaRQ2cq/TOOEApNUjYXolqbyvCrZVGXhdQulcssNUbo0AMQ81l+cf7OfqRceeRBcg=="
      },
      "Scrutor": {
        "type": "Direct",
        "requested": "[7.0.0, )",
        "resolved": "7.0.0",
        "contentHash": "wHWaroody48jnlLoq/REwUltIFLxplXyHTP+sttrc8P7+jkiVqf38afDidJNv4qgD/6zz2NKOYg06xLZ1bG7wQ==",
        "dependencies": {
          "Microsoft.Extensions.DependencyInjection.Abstractions": "10.0.0",
          "Microsoft.Extensions.DependencyModel": "10.0.0"
        }
      },
      "Snowcloak.API": {
        "type": "Direct",
        "requested": "[4.2.2.1, )",
        "resolved": "4.2.2.1",
        "contentHash": "8CVXfcn6f4eROuSj8TLym1tm660CvFF0CLM4PEuvWbSmwbdzL7RYJwZwXIjkn9EtYI8Xx1X8r/mLF/Iw3ufUDg==",
        "dependencies": {
          "Blake3": "2.2.1",
          "MessagePack": "3.1.8",
          "MessagePack.Annotations": "3.1.8"
        }
      },
      "Snowcloak.CacheFile": {
        "type": "Direct",
        "requested": "[4.2.1.1, )",
        "resolved": "4.2.1.1",
        "contentHash": "F5tpcDK6gvBde5ada+fmXRV9WhhGYq0XTVWGZAVYxF9p8secZ+yaV56mSwTr/MPX9BJ/NdPgVFhH/ncam1Scsg==",
        "dependencies": {
          "Blake3": "2.2.1",
          "K4os.Compression.LZ4.Streams": "1.3.8",
          "ZstdSharp.Port": "0.8.8"
        }
      },
      "Snowcloak.Ipc": {
        "type": "Direct",
        "requested": "[1.4.0.1, )",
        "resolved": "1.4.0.1",
        "contentHash": "E/nNiVleSkIbfgJ/v/H4j2rgwTbeiVFRen22rRfo6pBVHXIrYDdcYYtCXGelcfXDaIQ/+Qv25jB7aPWu/tDaXw=="
      },
      "SonarAnalyzer.CSharp": {
        "type": "Direct",
        "requested": "[10.34.0.3385, )",
        "resolved": "10.34.0.3385",
        "contentHash": "FfjaQa9G9xdEyh14AYWeG6vLQ+2PZWkooI/w3cH5aGBGGeWmhjeWS+/luYoJDYgrXMI2ciBj42y6buhJJHO2ow=="
      },
      "SQLitePCLRaw.bundle_e_sqlite3": {
        "type": "Direct",
        "requested": "[3.0.5, )",
        "resolved": "3.0.5",
        "contentHash": "SW8iASIyWMrLzqabUHYQRvALhvD4ylSBsj4PgEVGwc36kQjc9xT5kSV/XQ9rU7nIpBWD+LPyX3Hlw5FzyUzGeQ==",
        "dependencies": {
          "SQLite": "3.53.4",
          "SQLitePCLRaw.config.e_sqlite3": "3.0.5"
        }
      },
      "System.IdentityModel.Tokens.Jwt": {
        "type": "Direct",
        "requested": "[8.22.0, )",
        "resolved": "8.22.0",
        "contentHash": "CpXGfNhLl6EgYaOC9XYsc1p7Ci9HtAy0soHJDSBNGse647al4tTq9RDr+LQsrF4Ls79Dx7VfzN34km0W4DWPow==",
        "dependencies": {
          "Microsoft.IdentityModel.JsonWebTokens": "8.22.0",
          "Microsoft.IdentityModel.Tokens": "8.22.0"
        }
      },
      "Vortice.DXGI": {
        "type": "Direct",
        "requested": "[3.8.3, )",
        "resolved": "3.8.3",
        "contentHash": "MbAUnTeQ6WD99ctAdrj5CQO2I7oaax0Kt2eVdWSUj0bYP9Ed0726+s7dIHe4+tqhpmINW/dcPt0mNtc72o+E0w==",
        "dependencies": {
          "SharpGen.Runtime": "2.4.2-beta",
          "Vortice.DirectX": "3.8.3"
        }
      },
      "ZstdSharp.Port": {
        "type": "Direct",
        "requested": "[0.8.8, )",
        "resolved": "0.8.8",
        "contentHash": "UIDFkA5DC3en3tOJ3Mof11yBx9kUQLsaeo/oFdvN6Bbkr9E9+VCqfIadHci8cu+I51K2Sl7XYWVl2R/mA75NBQ=="
      },
      "K4os.Compression.LZ4": {
        "type": "Transitive",
        "resolved": "1.3.8",
        "contentHash": "LhwlPa7c1zs1OV2XadMtAWdImjLIsqFJPoRcIWAadSRn0Ri1DepK65UbWLPmt4riLqx2d40xjXRk0ogpqNtK7g=="
      },
      "K4os.Hash.xxHash": {
        "type": "Transitive",
        "resolved": "1.0.8",
        "contentHash": "Wp2F7BamQ2Q/7Hk834nV9vRQapgcr8kgv9Jvfm8J3D0IhDqZMMl+a2yxUq5ltJitvXvQfB8W6K4F4fCbw/P6YQ=="
      },
      "MessagePackAnalyzer": {
        "type": "Transitive",
        "resolved": "3.1.8",
        "contentHash": "Vm4g0cR4YRKRchEOmMJ0uVFU6yxdg7cJa2KHv3SUAHEsdYKvMpHMF5A1hZfsix89ymD5cmuzRnw9a6dKMcvq+Q=="
      },
      "Microsoft.AspNetCore.Connections.Abstractions": {
        "type": "Transitive",
        "resolved": "10.0.12",
        "contentHash": "pP5CXSG//gboXUGrgRrrfWxEWJQ1DJLbTo5BulmPp+GaiWf/KbjCCujWlkh7rPTBSWAP+5s4KXti3JAF5akdxA==",
        "dependencies": {
          "Microsoft.Extensions.Features": "10.0.12"
        }
      },
      "Microsoft.AspNetCore.Http.Connections.Client": {
        "type": "Transitive",
        "resolved": "10.0.12",
        "contentHash": "HEO648tD8OyX6aUNQwJSl1eKQk5eQChuHTqpybv2ep7/518/M27yeDDFxAh2M/LW+22tbbooao6raNEHm7lBhA==",
        "dependencies": {
          "Microsoft.AspNetCore.Http.Connections.Common": "10.0.12",
          "Microsoft.Extensions.Logging.Abstractions": "10.0.12",
          "Microsoft.Extensions.Options": "10.0.12"
        }
      },
      "Microsoft.AspNetCore.Http.Connections.Common": {
        "type": "Transitive",
        "resolved": "10.0.12",
        "contentHash": "EyxNhHve9DXcRgbVGFdx14738QULLUREvDLHS/q9m28bwrBMMeZRnwNQcszowCuHt2cgKnYDwJwUaAJgByiigQ==",
        "dependencies": {
          "Microsoft.AspNetCore.Connections.Abstractions": "10.0.12"
        }
      },
      "Microsoft.AspNetCore.SignalR.Client.Core": {
        "type": "Transitive",
        "resolved": "10.0.12",
        "contentHash": "+kCyWCOvZteBkqfbpmoi+ejIR1XVJOY4ydDNYrYt1WdXv/ruJS4WjDfCizGZ5lvn/OmRdMuVdh8opopbNveQcw==",
        "dependencies": {
          "Microsoft.AspNetCore.SignalR.Common": "10.0.12",
          "Microsoft.AspNetCore.SignalR.Protocols.Json": "10.0.12",
          "Microsoft.Extensions.DependencyInjection": "10.0.12",
          "Microsoft.Extensions.Logging": "10.0.12"
        }
      },
      "Microsoft.AspNetCore.SignalR.Common": {
        "type": "Transitive",
        "resolved": "10.0.12",
        "contentHash": "7DDVLxtjLtBBfle9RxZhiYc0PTSD4rc0SV4FZiT3Tdz6NxlrcnPqcGWME9Mc0PtbQ+X5GSgyPeyjGfA/tSfG8A==",
        "dependencies": {
          "Microsoft.AspNetCore.Connections.Abstractions": "10.0.12",
          "Microsoft.Extensions.Options": "10.0.12"
        }
      },
      "Microsoft.AspNetCore.SignalR.Protocols.Json": {
        "type": "Transitive",
        "resolved": "10.0.12",
        "contentHash": "NVG8jfnuS850Cu4axdURINdArwKn/N+OyaA6A8/ERyWdflMMLFF25ZSEzAMnMD81rwNaPTVngTq0fE2xbuRwLQ==",
        "dependencies": {
          "Microsoft.AspNetCore.SignalR.Common": "10.0.12"
        }
      },
      "Microsoft.Bcl.Cryptography": {
        "type": "Transitive",
        "resolved": "10.0.2",
        "contentHash": "LG9Yll3B5aNpxv0+D47g6LiOiKBIlodhcHdQwcYzo8VeexFLGqx5ymetmA2aBRyo9cCcWsQWrFsdbsr8LvmWDw=="
      },
      "Microsoft.Data.Sqlite.Core": {
        "type": "Transitive",
        "resolved": "10.0.12",
        "contentHash": "2aL9eL5HQr0V4b8V909SD+jQAx6qnTTl7sT/v3D8dIvmr2UGdpZIQxqm1pj2Js3e4EYTvpw0oMH7DjapJJuPPw==",
        "dependencies": {
          "SQLitePCLRaw.core": "2.1.12"
        }
      },
      "Microsoft.Extensions.Configuration": {
        "type": "Transitive",
        "resolved": "10.0.12",
        "contentHash": "e3IPP32CRNL031VZJAUTlCTG0YN7WFh4mN3fsSHTDQCJB+3+f0jGycv4fXk3rrftaY3B85XrQaj7sRthrOsavg==",
        "dependencies": {
          "Microsoft.Extensions.Configuration.Abstractions": "10.0.12",
          "Microsoft.Extensions.Primitives": "10.0.12"
        }
      },
      "Microsoft.Extensions.Configuration.Abstractions": {
        "type": "Transitive",
        "resolved": "10.0.12",
        "contentHash": "8xaGcvS/qZ1otoxPQCEJkNva389CVL/plNcvIETZhQTETYdRkYDPEYhUMoAGONo4FU45ufdfE0j29AfWVVj0wA==",
        "dependencies": {
          "Microsoft.Extensions.Primitives": "10.0.12"
        }
      },
      "Microsoft.Extensions.Configuration.Binder": {
        "type": "Transitive",
        "resolved": "10.0.12",
        "contentHash": "dAgIf1TOr8KLs+aBRIbXUZBjHoSH4rDG8+XkX/Q6AZwkQdMA0+yPDKTHsieeXdZDfpOpZVHzOnuAb5Z2nX3KsA==",
        "dependencies": {
          "Microsoft.Extensions.Configuration": "10.0.12",
          "Microsoft.Extensions.Configuration.Abstractions": "10.0.12"
        }
      },
      "Microsoft.Extensions.Configuration.CommandLine": {
        "type": "Transitive",
        "resolved": "10.0.12",
        "contentHash": "hWWJzJpmg161rYJ2H6vxqCuFfh6zL2Tp9emOrfu1M4gsmW5BOlW8GldthyFwm2L+beW+0axmkMKRw3HyO1qceQ==",
        "dependencies": {
          "Microsoft.Extensions.Configuration": "10.0.12",
          "Microsoft.Extensions.Configuration.Abstractions": "10.0.12"
        }
      },
      "Microsoft.Extensions.Configuration.EnvironmentVariables": {
        "type": "Transitive",
        "resolved": "10.0.12",
        "contentHash": "OIFhLxKAdvSrZuecX177ZkN4AcAB6OLlbS8y0MQYL68512aMOZI8cJLb8OeuYe2X+gu5uMqbbCxhzAmSp+Q2ow==",
        "dependencies": {
          "Microsoft.Extensions.Configuration": "10.0.12",
          "Microsoft.Extensions.Configuration.Abstractions": "10.0.12"
        }
      },
      "Microsoft.Extensions.Configuration.FileExtensions": {
        "type": "Transitive",
        "resolved": "10.0.12",
        "contentHash": "PNPS7yYH9U2M0dExn0tMkQFVtE53xTlCs/dgTfsWTTFyCF6qwGT3VrTgm2nnnkSRlSmvM9/J+n9xCpyzd9xTpQ==",
        "dependencies": {
          "Microsoft.Extensions.Configuration": "10.0.12",
          "Microsoft.Extensions.Configuration.Abstractions": "10.0.12",
          "Microsoft.Extensions.FileProviders.Abstractions": "10.0.12",
          "Microsoft.Extensions.FileProviders.Physical": "10.0.12",
          "Microsoft.Extensions.Primitives": "10.0.12"
        }
      },
      "Microsoft.Extensions.Configuration.Json": {
        "type": "Transitive",
        "resolved": "10.0.12",
        "contentHash": "H4u2ZeIhjmRQvbHj7S7U4MK1kXb0khx3UtOWcir32VHczdFyIVF0lvHew/VVHmCF7Uk0QseAUaO7HyFKOCSiKA==",
        "dependencies": {
          "Microsoft.Extensions.Configuration": "10.0.12",
          "Microsoft.Extensions.Configuration.Abstractions": "10.0.12",
          "Microsoft.Extensions.Configuration.FileExtensions": "10.0.12",
          "Microsoft.Extensions.FileProviders.Abstractions": "10.0.12"
        }
      },
      "Microsoft.Extensions.Configuration.UserSecrets": {
        "type": "Transitive",
        "resolved": "10.0.12",
        "contentHash": "2OtyTIt0/tkChr3inq9Y0c34xogxXW//68gvPzIWgKwyVR4x82RSGVSZfV+ZgG13zrKBzqjaI23wpUCfKpY2yQ==",
        "dependencies": {
          "Microsoft.Extensions.Configuration.Abstractions": "10.0.12",
          "Microsoft.Extensions.Configuration.Json": "10.0.12",
          "Microsoft.Extensions.FileProviders.Abstractions": "10.0.12",
          "Microsoft.Extensions.FileProviders.Physical": "10.0.12"
        }
      },
      "Microsoft.Extensions.DependencyInjection": {
        "type": "Transitive",
        "resolved": "10.0.12",
        "contentHash": "lXyK2O5GoYvfxW8eCFcD16JFbcoSTM1sJkAM0UHS1jZyl9NYMW64Tqm6OQFT0IDBjZi+xHt95/Zg+nxZhGFhZg==",
        "dependencies": {
          "Microsoft.Extensions.DependencyInjection.Abstractions": "10.0.12"
        }
      },
      "Microsoft.Extensions.DependencyInjection.Abstractions": {
        "type": "Transitive",
        "resolved": "10.0.12",
        "contentHash": "9/qymSh7hVDMGTGwrLz8MRp5zRyXy9adGDOs4HwRdnLil3oZGYuWeZjbmHgCQ9BL1qBroVfgUK3U/nb61617Cw=="
      },
      "Microsoft.Extensions.DependencyModel": {
        "type": "Transitive",
        "resolved": "10.0.0",
        "contentHash": "RFYJR7APio/BiqdQunRq6DB+nDB6nc2qhHr77mlvZ0q0BT8PubMXN7XicmfzCbrDE/dzhBnUKBRXLTcqUiZDGg=="
      },
      "Microsoft.Extensions.Diagnostics": {
        "type": "Transitive",
        "resolved": "10.0.12",
        "contentHash": "amx0O/R4dReqKlC3T740+CHpX8D8tAIV0f5kAPfFi4XK9jYo9BSepGt9/rWfvvCoSMaZ1+XvnqPp/Vv2fmTdAg==",
        "dependencies": {
          "Microsoft.Extensions.Configuration": "10.0.12",
          "Microsoft.Extensions.Diagnostics.Abstractions": "10.0.12",
          "Microsoft.Extensions.Options.ConfigurationExtensions": "10.0.12"
        }
      },
      "Microsoft.Extensions.Diagnostics.Abstractions": {
        "type": "Transitive",
        "resolved": "10.0.12",
        "contentHash": "fMp91qlRlMOuHfMyp7LuAnOS+MOeWTF1obJmyFcs4nZCXu6pr+QB1AbFJcl2qpBltBrqF/Y7+Rn9IuNcSuctig==",
        "dependencies": {
          "Microsoft.Extensions.DependencyInjection.Abstractions": "10.0.12",
          "Microsoft.Extensions.Options": "10.0.12"
        }
      },
      "Microsoft.Extensions.Features": {
        "type": "Transitive",
        "resolved": "10.0.12",
        "contentHash": "GaHsj8gISJ4BtRI4iK4meCil+LAYmv3NWuPKg6d29sw9cNsEN+1N8UMQXA/JhUXdrGTy16+B+YtjY3bco/8jMA=="
      },
      "Microsoft.Extensions.FileProviders.Abstractions": {
        "type": "Transitive",
        "resolved": "10.0.12",
        "contentHash": "iQseV6HixWzEYQH4i++84ToIroXnM5jC1TJF4EqBz3lWNG1HBTMYDLkRb6Wm3wk5V6WqSfl7NukO/LYsloGyfg==",
        "dependencies": {
          "Microsoft.Extensions.Primitives": "10.0.12"
        }
      },
      "Microsoft.Extensions.FileProviders.Physical": {
        "type": "Transitive",
        "resolved": "10.0.12",
        "contentHash": "3cY+wo2+Qe65BVwShhr2fFqZv5Ns73h3kX4mpW3WvSgfT3AWCk0hKArKW4TF7Dg3mvbJdA6RhWPW7FR+PS5/1w==",
        "dependencies": {
          "Microsoft.Extensions.FileProviders.Abstractions": "10.0.12",
          "Microsoft.Extensions.FileSystemGlobbing": "10.0.12",
          "Microsoft.Extensions.Primitives": "10.0.12"
        }
      },
      "Microsoft.Extensions.FileSystemGlobbing": {
        "type": "Transitive",
        "resolved": "10.0.12",
        "contentHash": "45cV+UeI0chPAIXrx9Wv7K4PJXuuIR2pnOur5MOAo6kOFclBHSLLDrvGAxMfWRMtUvpv/kQZkxlgaUN56jwzSQ=="
      },
      "Microsoft.Extensions.Hosting.Abstractions": {
        "type": "Transitive",
        "resolved": "10.0.12",
        "contentHash": "ZlIxIJtWmrph0Ikj0svSaTkZ+d+ZYpTAhazpf1b3aoFRmlNnNWwkcvqnqT9yKHjKvfBRthvUrkq11OxfItOhpg==",
        "dependencies": {
          "Microsoft.Extensions.Configuration.Abstractions": "10.0.12",
          "Microsoft.Extensions.DependencyInjection.Abstractions": "10.0.12",
          "Microsoft.Extensions.Diagnostics.Abstractions": "10.0.12",
          "Microsoft.Extensions.FileProviders.Abstractions": "10.0.12",
          "Microsoft.Extensions.Logging.Abstractions": "10.0.12"
        }
      },
      "Microsoft.Extensions.Logging": {
        "type": "Transitive",
        "resolved": "10.0.12",
        "contentHash": "6I46fTPfgYkrjRYfRXbho9WOvOelTnNjWuZws/hzGHDASH1LEJeA4VKK9k3wJvido8o7jJSB5WkMTonX7HM1bA==",
        "dependencies": {
          "Microsoft.Extensions.DependencyInjection": "10.0.12",
          "Microsoft.Extensions.Logging.Abstractions": "10.0.12",
          "Microsoft.Extensions.Options": "10.0.12"
        }
      },
      "Microsoft.Extensions.Logging.Abstractions": {
        "type": "Transitive",
        "resolved": "10.0.12",
        "contentHash": "+24lC4plfbEDNfLAdTV/SWKS7dW+16X4HdydO3R++134kSNTzcbYA4KpR1Hdh6uWisB8Za3AzwyOn+K+NxWIug==",
        "dependencies": {
          "Microsoft.Extensions.DependencyInjection.Abstractions": "10.0.12"
        }
      },
      "Microsoft.Extensions.Logging.Configuration": {
        "type": "Transitive",
        "resolved": "10.0.12",
        "contentHash": "CLHWfKQZWFE6fSzRXfjd4UlGveckkfPtwx/p5yF/o3hEkMSzGsl7MSxNAkI19hjw0rprBqrQC09Dwy6Lh6kweA==",
        "dependencies": {
          "Microsoft.Extensions.Configuration": "10.0.12",
          "Microsoft.Extensions.Configuration.Abstractions": "10.0.12",
          "Microsoft.Extensions.Configuration.Binder": "10.0.12",
          "Microsoft.Extensions.DependencyInjection.Abstractions": "10.0.12",
          "Microsoft.Extensions.Logging": "10.0.12",
          "Microsoft.Extensions.Logging.Abstractions": "10.0.12",
          "Microsoft.Extensions.Options": "10.0.12",
          "Microsoft.Extensions.Options.ConfigurationExtensions": "10.0.12"
        }
      },
      "Microsoft.Extensions.Logging.Console": {
        "type": "Transitive",
        "resolved": "10.0.12",
        "contentHash": "nHvaR8gO0CdEfG324KdUsP3Hqgdf1licZb+UlNh5pFYw7+o8QYTmiMgFmwayE/LPSpaqND/Qn3xHa1cI9b8x0w==",
        "dependencies": {
          "Microsoft.Extensions.DependencyInjection.Abstractions": "10.0.12",
          "Microsoft.Extensions.Logging": "10.0.12",
          "Microsoft.Extensions.Logging.Abstractions": "10.0.12",
          "Microsoft.Extensions.Logging.Configuration": "10.0.12",
          "Microsoft.Extensions.Options": "10.0.12"
        }
      },
      "Microsoft.Extensions.Logging.Debug": {
        "type": "Transitive",
        "resolved": "10.0.12",
        "contentHash": "dEvvABq9Qgfu/SgTncXDjCshcJmgO97bLOnMAuqBDSonlk4+VXlKJMHPak+S78TlOxJ47+gY7vPgVukJsr69gg==",
        "dependencies": {
          "Microsoft.Extensions.DependencyInjection.Abstractions": "10.0.12",
          "Microsoft.Extensions.Logging": "10.0.12",
          "Microsoft.Extensions.Logging.Abstractions": "10.0.12"
        }
      },
      "Microsoft.Extensions.Logging.EventLog": {
        "type": "Transitive",
        "resolved": "10.0.12",
        "contentHash": "Qn0FWPMiQzM4GQEEXxrJbh3vp3I9wrAgpMcsVH36+6FTRGXaqtwHDgf/2030FUJ4OuNSpOeIRh+9kCZGDDsfGg==",
        "dependencies": {
          "Microsoft.Extensions.DependencyInjection.Abstractions": "10.0.12",
          "Microsoft.Extensions.Logging": "10.0.12",
          "Microsoft.Extensions.Logging.Abstractions": "10.0.12",
          "Microsoft.Extensions.Options": "10.0.12",
          "System.Diagnostics.EventLog": "10.0.12"
        }
      },
      "Microsoft.Extensions.Logging.EventSource": {
        "type": "Transitive",
        "resolved": "10.0.12",
        "contentHash": "nKpYoiUdBu8fdLwDxj/fjjGn//7/VwRLzujtMq99/pExrswMXOz+80hbB98QxrD8qPt9oWlFpEVrN9OBKOP7RQ==",
        "dependencies": {
          "Microsoft.Extensions.DependencyInjection.Abstractions": "10.0.12",
          "Microsoft.Extensions.Logging": "10.0.12",
          "Microsoft.Extensions.Logging.Abstractions": "10.0.12",
          "Microsoft.Extensions.Options": "10.0.12",
          "Microsoft.Extensions.Primitives": "10.0.12"
        }
      },
      "Microsoft.Extensions.Options": {
        "type": "Transitive",
        "resolved": "10.0.12",
        "contentHash": "TDYD33TSRpXKZWlmTXNlj5kCihxatmv2Ec1u6C+bMYLphCS7PoSLE9Pjd/nunDoE7yETk+LLKjVJX78HYtWjpA==",
        "dependencies": {
          "Microsoft.Extensions.DependencyInjection.Abstractions": "10.0.12",
          "Microsoft.Extensions.Primitives": "10.0.12"
        }
      },
      "Microsoft.Extensions.Options.ConfigurationExtensions": {
        "type": "Transitive",
        "resolved": "10.0.12",
        "contentHash": "rqpu4qj5WE9x1IHGXSIgHBKi7IUlQaHyp4aXCYIanG2OghlUMFZpZTgExaXwcvmLAJHsxKQWMPpc7D2WIbCVtA==",
        "dependencies": {
          "Microsoft.Extensions.Configuration.Abstractions": "10.0.12",
          "Microsoft.Extensions.Configuration.Binder": "10.0.12",
          "Microsoft.Extensions.DependencyInjection.Abstractions": "10.0.12",
          "Microsoft.Extensions.Options": "10.0.12",
          "Microsoft.Extensions.Primitives": "10.0.12"
        }
      },
      "Microsoft.Extensions.Primitives": {
        "type": "Transitive",
        "resolved": "10.0.12",
        "contentHash": "dYfCLR52UA+3DL7C4I/pvSaRPkNqxrUAQmbFL2u0zvYKKzqgrFCJl08Df+F1aYc8leu9JvpC9bsURUdpExcBXQ=="
      },
      "Microsoft.IdentityModel.Abstractions": {
        "type": "Transitive",
        "resolved": "8.22.0",
        "contentHash": "LU3V3owsu4vGpCg2kyL7SsQEuHwcoJ8FSNBqzLADzCf3/PcKUTcx5Plsd51DoTJMfK/WigXV/03UhaN5JXE6uQ=="
      },
      "Microsoft.IdentityModel.JsonWebTokens": {
        "type": "Transitive",
        "resolved": "8.22.0",
        "contentHash": "kv6peMLjALZLDAy2H3F77KjVRdwiscn2p/g3ui2chcbuEcAX2MpAbyDcYnJ7Vyh8jZ1aJWrniUMCDWoOgnu4NQ==",
        "dependencies": {
          "Microsoft.IdentityModel.Tokens": "8.22.0"
        }
      },
      "Microsoft.IdentityModel.Logging": {
        "type": "Transitive",
        "resolved": "8.22.0",
        "contentHash": "G9Tl0yXSlr2pkXv4EpXjO16M4q6oo9N/od+gNyOusZ8yM8LZg1H3f/QOMFuOJiV6znzY5MkAREU97JRRnqpEQw==",
        "dependencies": {
          "Microsoft.IdentityModel.Abstractions": "8.22.0"
        }
      },
      "Microsoft.IdentityModel.Tokens": {
        "type": "Transitive",
        "resolved": "8.22.0",
        "contentHash": "i4lywKKUuVmheCUA+w/q8QNPReNI0qanHI9hhz48AFqD1ljyb8sxPL2RbXOGiPV13XdJ4kxieL9ukS7tD43LxA==",
        "dependencies": {
          "Microsoft.Bcl.Cryptography": "10.0.2",
          "Microsoft.Extensions.Logging.Abstractions": "8.0.0",
          "Microsoft.IdentityModel.Logging": "8.22.0"
        }
      },
      "Microsoft.NET.StringTools": {
        "type": "Transitive",
        "resolved": "17.11.4",
        "contentHash": "mudqUHhNpeqIdJoUx2YDWZO/I9uEDYVowan89R6wsomfnUJQk6HteoQTlNjZDixhT2B4IXMkMtgZtoceIjLRmA=="
      },
      "NAudio.Asio": {
        "type": "Transitive",
        "resolved": "2.4.0",
        "contentHash": "EAXpZcJ1gYehm83zIcs/8lQ0Fsuk5Wkuf365s1UNcyYaRZf0aRgZUUkmluBwnMuOiBklLHHmVNlvKhv4QeDQEA==",
        "dependencies": {
          "NAudio.Core": "2.4.0"
        }
      },
      "NAudio.Core": {
        "type": "Transitive",
        "resolved": "2.4.0",
        "contentHash": "VDXi1Wp1CUFgMxYyyajaG8sM9c9v5Mf2AdJkYUnksqwENSqVlrXsPe9l/mG55pNIv9eMYXGHiIxVuhS7+a3BQg=="
      },
      "NAudio.Midi": {
        "type": "Transitive",
        "resolved": "2.4.0",
        "contentHash": "A0rgl2A4gUaDf+JYJjoPwHDxoiX3r4WnLF7l/Yb0MxJwc2NuGmer30BdM/fxS+HkXgYZMnNZffg0fULJJRoPkg==",
        "dependencies": {
          "NAudio.Core": "2.4.0"
        }
      },
      "NAudio.Wasapi": {
        "type": "Transitive",
        "resolved": "2.4.0",
        "contentHash": "DKwpFzgJkUkge4sR+5t/DND1SbuHOJXQX3BBqnmd0n/zjM/CqBqbKA1wMXKIKdN2R1PtETVDu5C9ODPif37hhw==",
        "dependencies": {
          "NAudio.Core": "2.4.0"
        }
      },
      "NAudio.WinForms": {
        "type": "Transitive",
        "resolved": "2.4.0",
        "contentHash": "qG2yjdQP5nLV5uwH/Ix6r52cOFfOGAUc5xQY8lm7qVCNq7i2jzwoK4Q6LketIW1iv8Ol+brpoAQhFiNcemiBzQ==",
        "dependencies": {
          "NAudio.WinMM": "2.4.0"
        }
      },
      "NAudio.WinMM": {
        "type": "Transitive",
        "resolved": "2.4.0",
        "contentHash": "mipx4Wx/C2c/ajptYaInJyakSq+33TjfQWSjFuOoq7JnU2E7nIkZj6pf9Qx4AwExPQ094Gn9R/jt52agiETkwQ==",
        "dependencies": {
          "NAudio.Core": "2.4.0"
        }
      },
      "SharpGen.Runtime": {
        "type": "Transitive",
        "resolved": "2.4.2-beta",
        "contentHash": "niTtWAUov1F7wZGAlVeEvW+Tnqvg5yTmhI7rxmYu2Utoyu2TbC9tWWpUpMs0PQg5lu5svoYpCAztNjxCqMFP/w=="
      },
      "SharpGen.Runtime.COM": {
        "type": "Transitive",
        "resolved": "2.4.2-beta",
        "contentHash": "9lxDFMiepqo3lJQzMSjECCIONeCc2f3Drokgj6HtrTLZcJSftNgcLbD6/iXYj2iphkwgrZb1oLsDOZxoFZkawQ==",
        "dependencies": {
          "SharpGen.Runtime": "2.4.2-beta"
        }
      },
      "SQLite": {
        "type": "Transitive",
        "resolved": "3.53.4",
        "contentHash": "KN7jeWqgUPeBRe1FlcpZURzxomuKKEKHmBBQfg+Nx7NkY1LjKhzHvH+3ASkNvhayESE34nMBinL9CV21JfPRJw=="
      },
      "SQLitePCLRaw.config.e_sqlite3": {
        "type": "Transitive",
        "resolved": "3.0.5",
        "contentHash": "aSk8WE5tF2MybESMgtZAEyMVCAWA0nBqOMc48HFoa9UoSdtm3goDXVzNRnefeKIwE6bV9NaNXptn1F9ReMQI0Q==",
        "dependencies": {
          "SQLitePCLRaw.provider.e_sqlite3": "3.0.5"
        }
      },
      "SQLitePCLRaw.core": {
        "type": "Transitive",
        "resolved": "3.0.5",
        "contentHash": "k81AYXXRCw3Zj8rOhyBoCsx/U97KYDFI2CSKr/ijl5BwpsW/hX/4kBiDmerFaoust8nxBwa0IHQFw8MmSHRtnQ=="
      },
      "SQLitePCLRaw.provider.e_sqlite3": {
        "type": "Transitive",
        "resolved": "3.0.5",
        "contentHash": "um8YSWduhhuskTG2bHfZrBqMNQOydfU8pcseT+cu5RivOGyoUbCrGXxgoRNTmRYw2VbMWnEZVVFcneZT/5dsBg==",
        "dependencies": {
          "SQLitePCLRaw.core": "3.0.5"
        }
      },
      "System.Diagnostics.EventLog": {
        "type": "Transitive",
        "resolved": "10.0.12",
        "contentHash": "sOZM+VyRj1pg/ItlHsvrSbjws6oGqZveTzTNBGZ9ziwRDyKsOF3ub6vhvOdxotCIqtlnyHAIwP5sLNvgiZC+pQ=="
      },
      "Vortice.DirectX": {
        "type": "Transitive",
        "resolved": "3.8.3",
        "contentHash": "nKwSavv0w5rDF7prSefqAVPDcTyqrfZxKFMVfttiXPfm62VdA/1d+b3PhCZpW4xO7jXczXDwjQdWgD1zGsvM8w==",
        "dependencies": {
          "SharpGen.Runtime": "2.4.2-beta",
          "SharpGen.Runtime.COM": "2.4.2-beta",
          "Vortice.Mathematics": "2.1.0"
        }
      },
      "Vortice.Mathematics": {
        "type": "Transitive",
        "resolved": "2.1.0",
        "contentHash": "KK+SjNSuKdP+zbavekubi+vaeb1Jo4k87ZF6CMkVWjr6RjJwc8peVtmgzXXDIMy4ZC3ZISyk3llY3q65ISOkBQ=="
      },
      "snowcloak.core": {
        "type": "Project",
        "dependencies": {
          "ElezenTools.Core": "[15.56.0, )",
          "Microsoft.Extensions.Logging.Abstractions": "[10.0.12, )",
          "Snowcloak.API": "[4.2.2.1, )"
        }
      },
      "snowcloak.game": {
        "type": "Project",
        "dependencies": {
          "Microsoft.Extensions.Hosting.Abstractions": "[10.0.12, )",
          "Microsoft.Extensions.Logging.Abstractions": "[10.0.12, )",
          "Snowcloak.Core": "[1.0.0, )"
        }
      },
      "snowcloak.infrastructure": {
        "type": "Project",
        "dependencies": {
          "Microsoft.Data.Sqlite": "[10.0.12, )",
          "Microsoft.Extensions.Logging.Abstractions": "[10.0.12, )",
          "SQLitePCLRaw.bundle_e_sqlite3": "[3.0.5, )",
          "Snowcloak.CacheFile": "[4.2.1.1, )",
          "Snowcloak.Core": "[1.0.0, )"
        }
      }
    },
    "net10.0-windows7.0/win-x64": {
      "Blake3": {
        "type": "Direct",
        "requested": "[2.2.1, )",
        "resolved": "2.2.1",
        "contentHash": "HfNW2Iiy4hCaVDVGFEyk0mks+M5HSU3O8O517LyYkI6FFuj2jpvNlag4kGQFDSRmJi4/axgOei8k02NKq/uoDg=="
      },
      "SQLite": {
        "type": "Transitive",
        "resolved": "3.53.4",
        "contentHash": "KN7jeWqgUPeBRe1FlcpZURzxomuKKEKHmBBQfg+Nx7NkY1LjKhzHvH+3ASkNvhayESE34nMBinL9CV21JfPRJw=="
      },
      "System.Diagnostics.EventLog": {
        "type": "Transitive",
        "resolved": "10.0.12",
        "contentHash": "sOZM+VyRj1pg/ItlHsvrSbjws6oGqZveTzTNBGZ9ziwRDyKsOF3ub6vhvOdxotCIqtlnyHAIwP5sLNvgiZC+pQ=="
      }
    }
  }
}