{
  "version": 1,
  "dependencies": {
    "net10.0-windows7.0": {
      "Blake3": {
        "type": "Direct",
        "requested": "[2.2.1, )",
        "resolved": "2.2.1",
        "contentHash": "HfNW2Iiy4hCaVDVGFEyk0mks+M5HSU3O8O517LyYkI6FFuj2jpvNlag4kGQFDSRmJi4/axgOei8k02NKq/uoDg=="
      },
      "Brio.API": {
        "type": "Direct",
        "requested": "[3.0.1, )",
        "resolved": "3.0.1",
        "contentHash": "40MD49ETqyGsdHGoG3JF/BFcNAphRqi27+ZxfDk2Aj7gAkzDFe7C2UVGirUByrUIj8lxiz9eEoB2i7O9lefEPQ=="
      },
      "DalamudPackager": {
        "type": "Direct",
        "requested": "[15.0.0, )",
        "resolved": "15.0.0",
        "contentHash": "411vwC8/X8Z/sQ2TI6v3SvOn66xFPeOjFn3Zn+h0d3Ox2t1kFm66AhDvmx/qcMwVrR+Hidxj0dadpQ2dgyXMBQ=="
      },
      "DotNet.ReproducibleBuilds": {
        "type": "Direct",
        "requested": "[2.0.5, )",
        "resolved": "2.0.5",
        "contentHash": "8LrlvI1KpjjJ4VGSqZ16yoOCKlQnYS+Y8rYNifNrscmVh5anJcF9E4e0NiDP30BHBMUbkoJ5KdcxoRWM7Pz9Aw=="
      },
      "ElezenTools": {
        "type": "Direct",
        "requested": "[15.56.0, )",
        "resolved": "15.56.0",
        "contentHash": "lzN0aWWYPNjG1Und4kfkXN+5gOy2wQCWoTUdri/x0c99HhZRwIlWj0xokcLl4Qsb6rDBaoZ6k1lG7uyeoLTuZA==",
        "dependencies": {
          "Microsoft.Extensions.Logging": "10.0.9"
        }
      },
      "ElezenTools.Core": {
        "type": "Direct",
        "requested": "[15.56.0, )",
        "resolved": "15.56.0",
        "contentHash": "Q4dQk0ShVxmvCfIIgBD3DuV6WayS3gHgZpTSX4Zelz3XeXEl9BbCncV60tTZgDmuXU42jUYJ0CBlNPyCv7mrRQ==",
        "dependencies": {
          "Microsoft.Extensions.Logging.Abstractions": "10.0.9"
        }
      },
      "Glamourer.Api": {
        "type": "Direct",
        "requested": "[2.8.2, )",
        "resolved": "2.8.2",
        "contentHash": "+mEzejUhvJLcpTjv4Hk6ap22WiEPyEa9wg1EECFwDJim1B+fKy3l4iWlvjaoEFlfp+nB67BZp8KBiHclsEBQQw=="
      },
      "K4os.Compression.LZ4.Legacy": {
        "type": "Direct",
        "requested": "[1.3.8, )",
        "resolved": "1.3.8",
        "contentHash": "+82CK5zXbGjMnVLm2JJpsSAz3+4CRcMmxUDOmehUh1bDjrmpnc5VHxB14hiV1lXtqe53lNI+O76BQvgWhgI66g==",
        "dependencies": {
          "K4os.Compression.LZ4": "1.3.8"
        }
      },
      "K4os.Compression.LZ4.Streams": {
        "type": "Direct",
        "requested": "[1.3.8, )",
        "resolved": "1.3.8",
        "contentHash": "P15qr8dZAeo9GvYbUIPEYFQ0MEJ0i5iqr37wsYeRC3la2uCldOoeCa6to0CZ1taiwxIV+Mk8NGuZi+4iWivK9w==",
        "dependencies": {
          "K4os.Compression.LZ4": "1.3.8",
          "K4os.Hash.xxHash": "1.0.8"
        }
      },
      "MemoryPack": {
        "type": "Direct",
        "requested": "[1.21.4, )",
        "resolved": "1.21.4",
        "contentHash": "wy3JTBNBsO8LfQcBvvYsWr3lm2Oakolrfu0UQ3oSJSEiD+7ye0GUhYTaXuYYBowqsXBXWD9gf2218ae0JRiYVQ==",
        "dependencies": {
          "MemoryPack.Core": "1.21.4",
          "MemoryPack.Generator": "1.21.4"
        }
      },
      "MemoryPack.Core": {
        "type": "Direct",
        "requested": "[1.21.4, )",
        "resolved": "1.21.4",
        "contentHash": "6RszGorZ0ejNmp37ZcboPBMvvPCuNW2jlrdQfcs/lMzE5b3pmPF6hsm/laDc34hRlbAST1ZxaX/DvYu2DF5sBQ=="
      },
      "MemoryPack.Generator": {
        "type": "Direct",
        "requested": "[1.21.4, )",
        "resolved": "1.21.4",
        "contentHash": "g14EsSS85yn0lHTi0J9ivqlZMf09A2iI51fmI+0KkzIzyCbWOBWPi5mdaY7YWmXprk12aYh9u/qfWHQUYthlwg=="
      },
      "MessagePack": {
        "type": "Direct",
        "requested": "[3.1.8, )",
        "resolved": "3.1.8",
        "contentHash": "Qk2q+9FVxnMSp+NQ9y3SLz3HqWe7Rg3KRMHhBX28FkKUoOeP9YIU86mA4pFOxDDjUIRA9e7Ssbxs/LwWUcAzPw==",
        "dependencies": {
          "MessagePack.Annotations": "3.1.8",
          "MessagePackAnalyzer": "3.1.8",
          "Microsoft.NET.StringTools": "17.11.4"
        }
      },
      "MessagePack.Annotations": {
        "type": "Direct",
        "requested": "[3.1.8, )",
        "resolved": "3.1.8",
        "contentHash": "SitOtZ4tOlAZZPF7p52M7143F+Cuz7o/aU0MrtAXX0+ZkPXzDNroOFhzzE2ogMFThsoEW/E6akXVVcBFM9ZKaw=="
      },
      "Meziantou.Analyzer": {
        "type": "Direct",
        "requested": "[3.0.217, )",
        "resolved": "3.0.217",
        "contentHash": "Kcg5Hc95bc7gEWlQDxjc19RTS7QofrwET1Kqvk3kwkbh9pPoXzoG3Vlz/kbGxQfPAXDssVfJdpvgyYUUKAsSnQ=="
      },
      "Microsoft.AspNetCore.SignalR.Client": {
        "type": "Direct",
        "requested": "[10.0.11, )",
        "resolved": "10.0.11",
        "contentHash": "axdL5Zyv3wGD9rKOOBOOzO2jmsebEI3+7Hjfwpd33SZLea6W/72Gt9LbynGdVkPFESg3bybP7KD0SO5Q7K66Rw==",
        "dependencies": {
          "Microsoft.AspNetCore.Http.Connections.Client": "10.0.11",
          "Microsoft.AspNetCore.SignalR.Client.Core": "10.0.11"
        }
      },
      "Microsoft.AspNetCore.SignalR.Protocols.MessagePack": {
        "type": "Direct",
        "requested": "[10.0.11, )",
        "resolved": "10.0.11",
        "contentHash": "rZXe/AAxEMCYcya2CqK7veMVavIm04+CLOyXpmU1clXJ0MMaU2OogU0e8kshN2/ahOhYC54HkkOFr/gFvNtJBw==",
        "dependencies": {
          "MessagePack": "2.5.302",
          "Microsoft.AspNetCore.SignalR.Common": "10.0.11"
        }
      },
      "Microsoft.Data.Sqlite": {
        "type": "Direct",
        "requested": "[10.0.11, )",
        "resolved": "10.0.11",
        "contentHash": "7je7UELzm131GiLYc4PpZvfKXIgIyzPM+v+tjcd/nbnuWRfgcONYKzDTqJlURxwVCFsVnlpmq6y6yn4qvR8QXQ==",
        "dependencies": {
          "Microsoft.Data.Sqlite.Core": "10.0.11",
          "SQLitePCLRaw.bundle_e_sqlite3": "2.1.12",
          "SQLitePCLRaw.core": "2.1.12"
        }
      },
      "Microsoft.Extensions.Hosting": {
        "type": "Direct",
        "requested": "[10.0.11, )",
        "resolved": "10.0.11",
        "contentHash": "eIDa/Rl+93aj17gMlFsJJx+LhBvb3CP0Mu1PeVYkDp2Y3S4Jock8UynfGQEcx7lrlq+gKW+ECQJHbro/LTPDEQ==",
        "dependencies": {
          "Microsoft.Extensions.Configuration": "10.0.11",
          "Microsoft.Extensions.Configuration.Abstractions": "10.0.11",
          "Microsoft.Extensions.Configuration.Binder": "10.0.11",
          "Microsoft.Extensions.Configuration.CommandLine": "10.0.11",
          "Microsoft.Extensions.Configuration.EnvironmentVariables": "10.0.11",
          "Microsoft.Extensions.Configuration.FileExtensions": "10.0.11",
          "Microsoft.Extensions.Configuration.Json": "10.0.11",
          "Microsoft.Extensions.Configuration.UserSecrets": "10.0.11",
          "Microsoft.Extensions.DependencyInjection": "10.0.11",
          "Microsoft.Extensions.DependencyInjection.Abstractions": "10.0.11",
          "Microsoft.Extensions.Diagnostics": "10.0.11",
          "Microsoft.Extensions.FileProviders.Abstractions": "10.0.11",
          "Microsoft.Extensions.FileProviders.Physical": "10.0.11",
          "Microsoft.Extensions.Hosting.Abstractions": "10.0.11",
          "Microsoft.Extensions.Logging": "10.0.11",
          "Microsoft.Extensions.Logging.Abstractions": "10.0.11",
          "Microsoft.Extensions.Logging.Configuration": "10.0.11",
          "Microsoft.Extensions.Logging.Console": "10.0.11",
          "Microsoft.Extensions.Logging.Debug": "10.0.11",
          "Microsoft.Extensions.Logging.EventLog": "10.0.11",
          "Microsoft.Extensions.Logging.EventSource": "10.0.11",
          "Microsoft.Extensions.Options": "10.0.11"
        }
      },
      "NAudio": {
        "type": "Direct",
        "requested": "[2.3.0, )",
        "resolved": "2.3.0",
        "contentHash": "xN+Lzlu9DmXqBiL6XkP0VZmgTxZPdSGjVSWtKG9HKuar3LhIYNOIYQETieigS+QDS+nrs1QmHbBWWOru0nWA5A==",
        "dependencies": {
          "NAudio.Asio": "2.3.0",
          "NAudio.Core": "2.3.0",
          "NAudio.Midi": "2.3.0",
          "NAudio.Wasapi": "2.3.0",
          "NAudio.WinForms": "2.3.0",
          "NAudio.WinMM": "2.3.0"
        }
      },
      "Penumbra.Api": {
        "type": "Direct",
        "requested": "[5.15.1, )",
        "resolved": "5.15.1",
        "contentHash": "3ikk0zIOaLm2n3nZRQpW3xaRQ2cq/TOOEApNUjYXolqbyvCrZVGXhdQulcssNUbo0AMQ81l+cf7OfqRceeRBcg=="
      },
      "Scrutor": {
        "type": "Direct",
        "requested": "[7.0.0, )",
        "resolved": "7.0.0",
        "contentHash": "wHWaroody48jnlLoq/REwUltIFLxplXyHTP+sttrc8P7+jkiVqf38afDidJNv4qgD/6zz2NKOYg06xLZ1bG7wQ==",
        "dependencies": {
          "Microsoft.Extensions.DependencyInjection.Abstractions": "10.0.0",
          "Microsoft.Extensions.DependencyModel": "10.0.0"
        }
      },
      "Snowcloak.API": {
        "type": "Direct",
        "requested": "[4.2.2.1, )",
        "resolved": "4.2.2.1",
        "contentHash": "8CVXfcn6f4eROuSj8TLym1tm660CvFF0CLM4PEuvWbSmwbdzL7RYJwZwXIjkn9EtYI8Xx1X8r/mLF/Iw3ufUDg==",
        "dependencies": {
          "Blake3": "2.2.1",
          "MessagePack": "3.1.8",
          "MessagePack.Annotations": "3.1.8"
        }
      },
      "Snowcloak.CacheFile": {
        "type": "Direct",
        "requested": "[4.2.1.1, )",
        "resolved": "4.2.1.1",
        "contentHash": "F5tpcDK6gvBde5ada+fmXRV9WhhGYq0XTVWGZAVYxF9p8secZ+yaV56mSwTr/MPX9BJ/NdPgVFhH/ncam1Scsg==",
        "dependencies": {
          "Blake3": "2.2.1",
          "K4os.Compression.LZ4.Streams": "1.3.8",
          "ZstdSharp.Port": "0.8.8"
        }
      },
      "Snowcloak.Ipc": {
        "type": "Direct",
        "requested": "[1.4.0.1, )",
        "resolved": "1.4.0.1",
        "contentHash": "E/nNiVleSkIbfgJ/v/H4j2rgwTbeiVFRen22rRfo6pBVHXIrYDdcYYtCXGelcfXDaIQ/+Qv25jB7aPWu/tDaXw=="
      },
      "SonarAnalyzer.CSharp": {
        "type": "Direct",
        "requested": "[10.33.0.1635, )",
        "resolved": "10.33.0.1635",
        "contentHash": "nOwgvMh7p64z62GTy2n4Ki51DVy4Q2ejxxfuclW6Y5u6Htk1i2RNRqxuONiZ/4aaBi8V6RwzuCcGTOFcoVoQOg=="
      },
      "SQLitePCLRaw.bundle_e_sqlite3": {
        "type": "Direct",
        "requested": "[3.0.5, )",
        "resolved": "3.0.5",
        "contentHash": "SW8iASIyWMrLzqabUHYQRvALhvD4ylSBsj4PgEVGwc36kQjc9xT5kSV/XQ9rU7nIpBWD+LPyX3Hlw5FzyUzGeQ==",
        "dependencies": {
          "SQLite": "3.53.4",
          "SQLitePCLRaw.config.e_sqlite3": "3.0.5"
        }
      },
      "System.IdentityModel.Tokens.Jwt": {
        "type": "Direct",
        "requested": "[8.22.0, )",
        "resolved": "8.22.0",
        "contentHash": "CpXGfNhLl6EgYaOC9XYsc1p7Ci9HtAy0soHJDSBNGse647al4tTq9RDr+LQsrF4Ls79Dx7VfzN34km0W4DWPow==",
        "dependencies": {
          "Microsoft.IdentityModel.JsonWebTokens": "8.22.0",
          "Microsoft.IdentityModel.Tokens": "8.22.0"
        }
      },
      "Vortice.DXGI": {
        "type": "Direct",
        "requested": "[3.8.3, )",
        "resolved": "3.8.3",
        "contentHash": "MbAUnTeQ6WD99ctAdrj5CQO2I7oaax0Kt2eVdWSUj0bYP9Ed0726+s7dIHe4+tqhpmINW/dcPt0mNtc72o+E0w==",
        "dependencies": {
          "SharpGen.Runtime": "2.4.2-beta",
          "Vortice.DirectX": "3.8.3"
        }
      },
      "ZstdSharp.Port": {
        "type": "Direct",
        "requested": "[0.8.8, )",
        "resolved": "0.8.8",
        "contentHash": "UIDFkA5DC3en3tOJ3Mof11yBx9kUQLsaeo/oFdvN6Bbkr9E9+VCqfIadHci8cu+I51K2Sl7XYWVl2R/mA75NBQ=="
      },
      "K4os.Compression.LZ4": {
        "type": "Transitive",
        "resolved": "1.3.8",
        "contentHash": "LhwlPa7c1zs1OV2XadMtAWdImjLIsqFJPoRcIWAadSRn0Ri1DepK65UbWLPmt4riLqx2d40xjXRk0ogpqNtK7g=="
      },
      "K4os.Hash.xxHash": {
        "type": "Transitive",
        "resolved": "1.0.8",
        "contentHash": "Wp2F7BamQ2Q/7Hk834nV9vRQapgcr8kgv9Jvfm8J3D0IhDqZMMl+a2yxUq5ltJitvXvQfB8W6K4F4fCbw/P6YQ=="
      },
      "MessagePackAnalyzer": {
        "type": "Transitive",
        "resolved": "3.1.8",
        "contentHash": "Vm4g0cR4YRKRchEOmMJ0uVFU6yxdg7cJa2KHv3SUAHEsdYKvMpHMF5A1hZfsix89ymD5cmuzRnw9a6dKMcvq+Q=="
      },
      "Microsoft.AspNetCore.Connections.Abstractions": {
        "type": "Transitive",
        "resolved": "10.0.11",
        "contentHash": "DCrayFIb+t+P9EI6NAP8BmAIgi51lrdmdtMAQnZf2v2J51q5ptOMR2rzfhvSMAZZhYReAK4H+ZTprf8Q5rOnzw==",
        "dependencies": {
          "Microsoft.Extensions.Features": "10.0.11"
        }
      },
      "Microsoft.AspNetCore.Http.Connections.Client": {
        "type": "Transitive",
        "resolved": "10.0.11",
        "contentHash": "dib9kKN5aiTDGW8ecYDnJi4Zkqgy6CPf7/K26eO5le2XNDuvWVysx/4hNtteoLFvwrrqhiNZ/l+4AYcXzjtYwQ==",
        "dependencies": {
          "Microsoft.AspNetCore.Http.Connections.Common": "10.0.11",
          "Microsoft.Extensions.Logging.Abstractions": "10.0.11",
          "Microsoft.Extensions.Options": "10.0.11"
        }
      },
      "Microsoft.AspNetCore.Http.Connections.Common": {
        "type": "Transitive",
        "resolved": "10.0.11",
        "contentHash": "dI0VVgQwdAgkYoC38QqMnHkPD9A5kKTcI2NBeyQZGJ036Tt5mbSoPoWY66vNUTLYRomfETc/wasHdnEDkhqceA==",
        "dependencies": {
          "Microsoft.AspNetCore.Connections.Abstractions": "10.0.11"
        }
      },
      "Microsoft.AspNetCore.SignalR.Client.Core": {
        "type": "Transitive",
        "resolved": "10.0.11",
        "contentHash": "eaT/epxfM+o9hsqaU87BnrhENi72KeS0XYDBsAbPM8ZBdVlDh6CZ2n04MB3PZ1cSK8SnQUUxep4OgEkDOh8N3Q==",
        "dependencies": {
          "Microsoft.AspNetCore.SignalR.Common": "10.0.11",
          "Microsoft.AspNetCore.SignalR.Protocols.Json": "10.0.11",
          "Microsoft.Extensions.DependencyInjection": "10.0.11",
          "Microsoft.Extensions.Logging": "10.0.11"
        }
      },
      "Microsoft.AspNetCore.SignalR.Common": {
        "type": "Transitive",
        "resolved": "10.0.11",
        "contentHash": "fDg4cdP3q4VTxNdp+oy1Ju+7Zi12pFEtQQVeQu3oOXwaIh2KwprmebI+zgfQZQSimQx0DSoWUB87sKiyDaT9nA==",
        "dependencies": {
          "Microsoft.AspNetCore.Connections.Abstractions": "10.0.11",
          "Microsoft.Extensions.Options": "10.0.11"
        }
      },
      "Microsoft.AspNetCore.SignalR.Protocols.Json": {
        "type": "Transitive",
        "resolved": "10.0.11",
        "contentHash": "WAyf+LFX8tPlyzP9NwH61EkiNAuQhB46FrDRopvXUU+Y3ED3iRUi/Qfh1vBFz4z/10vdBI2uJWIuAawBi5zxiA==",
        "dependencies": {
          "Microsoft.AspNetCore.SignalR.Common": "10.0.11"
        }
      },
      "Microsoft.Bcl.Cryptography": {
        "type": "Transitive",
        "resolved": "10.0.2",
        "contentHash": "LG9Yll3B5aNpxv0+D47g6LiOiKBIlodhcHdQwcYzo8VeexFLGqx5ymetmA2aBRyo9cCcWsQWrFsdbsr8LvmWDw=="
      },
      "Microsoft.Data.Sqlite.Core": {
        "type": "Transitive",
        "resolved": "10.0.11",
        "contentHash": "hubA20AGenQ4Sx0ElWaPpB8DISjXpdx463+1zOGRslsT0e/t/06ITv+pHsop8CcJ0d8PZLfgnT7juCDVD79Dkw==",
        "dependencies": {
          "SQLitePCLRaw.core": "2.1.12"
        }
      },
      "Microsoft.Extensions.Configuration": {
        "type": "Transitive",
        "resolved": "10.0.11",
        "contentHash": "wlhRqZW8LcJPa+vk2oLAc/REXDItHtkFQdf/QcXYGZbZOO13izcsKY1pCvuFQYwUiZD+hwSZwsKASjqT+BNaVg==",
        "dependencies": {
          "Microsoft.Extensions.Configuration.Abstractions": "10.0.11",
          "Microsoft.Extensions.Primitives": "10.0.11"
        }
      },
      "Microsoft.Extensions.Configuration.Abstractions": {
        "type": "Transitive",
        "resolved": "10.0.11",
        "contentHash": "fVi053xdpda9Em7vSkmgVxO/PtgC2m78ekReKWsgcyskqY0U82Bz/MONwxpGzI0hElYKJfw+fupqMVeKW3fSaA==",
        "dependencies": {
          "Microsoft.Extensions.Primitives": "10.0.11"
        }
      },
      "Microsoft.Extensions.Configuration.Binder": {
        "type": "Transitive",
        "resolved": "10.0.11",
        "contentHash": "rFn8RuszZn3qquPVkDytMUlPc2+rXl9MCoygwc1XmAgC5vg5/oXJ8hkOosOrLoBLsqdTy4lFwP6iQdPS9uSYOA==",
        "dependencies": {
          "Microsoft.Extensions.Configuration": "10.0.11",
          "Microsoft.Extensions.Configuration.Abstractions": "10.0.11"
        }
      },
      "Microsoft.Extensions.Configuration.CommandLine": {
        "type": "Transitive",
        "resolved": "10.0.11",
        "contentHash": "1KHr/1L56llwQ/yI0tAisEA31UpPsn8aasjASIwELOaN4JIUcbjuQBMdFOIzfNBBeULoUa0XfBe5QDtRRUY+fg==",
        "dependencies": {
          "Microsoft.Extensions.Configuration": "10.0.11",
          "Microsoft.Extensions.Configuration.Abstractions": "10.0.11"
        }
      },
      "Microsoft.Extensions.Configuration.EnvironmentVariables": {
        "type": "Transitive",
        "resolved": "10.0.11",
        "contentHash": "KICyU3eVi5jvloKm01EXV69L97H/zkhISVtV98cIuzuFOxNx3xTUVcXqvWTz3aq7OvUuDB/MFlPFjmxRaKF7/A==",
        "dependencies": {
          "Microsoft.Extensions.Configuration": "10.0.11",
          "Microsoft.Extensions.Configuration.Abstractions": "10.0.11"
        }
      },
      "Microsoft.Extensions.Configuration.FileExtensions": {
        "type": "Transitive",
        "resolved": "10.0.11",
        "contentHash": "mDW7KVFB05M6jiRUyaZiOMWhS31n5HlSZwoYctHAZAucD4sMDJ70IxOmkGDt6RpstchD+keWBjhdzcMpSkWvWQ==",
        "dependencies": {
          "Microsoft.Extensions.Configuration": "10.0.11",
          "Microsoft.Extensions.Configuration.Abstractions": "10.0.11",
          "Microsoft.Extensions.FileProviders.Abstractions": "10.0.11",
          "Microsoft.Extensions.FileProviders.Physical": "10.0.11",
          "Microsoft.Extensions.Primitives": "10.0.11"
        }
      },
      "Microsoft.Extensions.Configuration.Json": {
        "type": "Transitive",
        "resolved": "10.0.11",
        "contentHash": "nSPrT8U/cNoB4coqkmnanAMK9PsL7lsjG+LLUKEwHRFwS6E78b8S1wdv/y88EOxBhasWov1rLd7RTHmmsYPOLg==",
        "dependencies": {
          "Microsoft.Extensions.Configuration": "10.0.11",
          "Microsoft.Extensions.Configuration.Abstractions": "10.0.11",
          "Microsoft.Extensions.Configuration.FileExtensions": "10.0.11",
          "Microsoft.Extensions.FileProviders.Abstractions": "10.0.11"
        }
      },
      "Microsoft.Extensions.Configuration.UserSecrets": {
        "type": "Transitive",
        "resolved": "10.0.11",
        "contentHash": "BRliLdUowglV8GS+J1G/QsSofCJYYFg3U8QZx0ACRn+a91az/Qnpy+h6PyHS94WgV2TSazX5D/cuuk6wnCJatw==",
        "dependencies": {
          "Microsoft.Extensions.Configuration.Abstractions": "10.0.11",
          "Microsoft.Extensions.Configuration.Json": "10.0.11",
          "Microsoft.Extensions.FileProviders.Abstractions": "10.0.11",
          "Microsoft.Extensions.FileProviders.Physical": "10.0.11"
        }
      },
      "Microsoft.Extensions.DependencyInjection": {
        "type": "Transitive",
        "resolved": "10.0.11",
        "contentHash": "PSmotV19c7E3lKed++uYo1kSiXFI+uTl37CBSrhq+CfLC3FCHjG7R91+xPnNehQfHS1b0Tzo/CCLPWH3qaEheg==",
        "dependencies": {
          "Microsoft.Extensions.DependencyInjection.Abstractions": "10.0.11"
        }
      },
      "Microsoft.Extensions.DependencyInjection.Abstractions": {
        "type": "Transitive",
        "resolved": "10.0.11",
        "contentHash": "/a1aJz4m7ylhEDf25ugQChLQoN5XwoGjWw/BoR/ZWWKsO1v4DdJElS1uyngahz4B/eOzjFk1KNTkarRLE5wsIg=="
      },
      "Microsoft.Extensions.DependencyModel": {
        "type": "Transitive",
        "resolved": "10.0.0",
        "contentHash": "RFYJR7APio/BiqdQunRq6DB+nDB6nc2qhHr77mlvZ0q0BT8PubMXN7XicmfzCbrDE/dzhBnUKBRXLTcqUiZDGg=="
      },
      "Microsoft.Extensions.Diagnostics": {
        "type": "Transitive",
        "resolved": "10.0.11",
        "contentHash": "HT70uGPxMLqqnOzKMcnQtDmeV4r0KHr4qVCLhP7SXil9jMEm8sQXwcybxVVFGXZJ1V44xV0mLqQ54aZbcR2OiQ==",
        "dependencies": {
          "Microsoft.Extensions.Configuration": "10.0.11",
          "Microsoft.Extensions.Diagnostics.Abstractions": "10.0.11",
          "Microsoft.Extensions.Options.ConfigurationExtensions": "10.0.11"
        }
      },
      "Microsoft.Extensions.Diagnostics.Abstractions": {
        "type": "Transitive",
        "resolved": "10.0.11",
        "contentHash": "se7Kx8QpJEt+nf26L4qIVAofGTDr1wbexxsh/Fm3Xc04xUkqUXK06KUS7FLwSQYSjqb7q9n+T7MEcXYBhI1Y5g==",
        "dependencies": {
          "Microsoft.Extensions.DependencyInjection.Abstractions": "10.0.11",
          "Microsoft.Extensions.Options": "10.0.11"
        }
      },
      "Microsoft.Extensions.Features": {
        "type": "Transitive",
        "resolved": "10.0.11",
        "contentHash": "/ro7Ate9LihDcZP6ukTwUjFj3dBzz7tijNcGg4aYBa3RkjqC/cOPqxZtMrOS3RU3nhRLHX8WTKq9EKL/4V4r5A=="
      },
      "Microsoft.Extensions.FileProviders.Abstractions": {
        "type": "Transitive",
        "resolved": "10.0.11",
        "contentHash": "JOjac6SQQgZmdmB8WGEw61/7siqMZoWJMkmq2p1goJGxqI59lO6oB4bOl0jNsbaPBdYy5Mlkb+6U7T4+CjnD8Q==",
        "dependencies": {
          "Microsoft.Extensions.Primitives": "10.0.11"
        }
      },
      "Microsoft.Extensions.FileProviders.Physical": {
        "type": "Transitive",
        "resolved": "10.0.11",
        "contentHash": "Tq/UqMaczePv9yWwSsJZRgKtgA46djVR5xHj/lZBCueQ3ag8f9v5mu0EdhrNx7tXxNk+Y9OurG2oKuSKINjr0A==",
        "dependencies": {
          "Microsoft.Extensions.FileProviders.Abstractions": "10.0.11",
          "Microsoft.Extensions.FileSystemGlobbing": "10.0.11",
          "Microsoft.Extensions.Primitives": "10.0.11"
        }
      },
      "Microsoft.Extensions.FileSystemGlobbing": {
        "type": "Transitive",
        "resolved": "10.0.11",
        "contentHash": "2i6rtW/B5rCnWCnhdmWWEmaM9O0HD0zsPY9eRqa++y4tclI3Uw8zvGbBvhY/LjAdtf8gUHhUPcAWj3DRlWMXmQ=="
      },
      "Microsoft.Extensions.Hosting.Abstractions": {
        "type": "Transitive",
        "resolved": "10.0.11",
        "contentHash": "pwtpF7iF/NNaOBcX+pvMZ7y2+JAVbH5KkNrH9uMZtuVxVJsFTDiWiCR7Tk3HVptsAijaetipUZVRVK2LLq+nvA==",
        "dependencies": {
          "Microsoft.Extensions.Configuration.Abstractions": "10.0.11",
          "Microsoft.Extensions.DependencyInjection.Abstractions": "10.0.11",
          "Microsoft.Extensions.Diagnostics.Abstractions": "10.0.11",
          "Microsoft.Extensions.FileProviders.Abstractions": "10.0.11",
          "Microsoft.Extensions.Logging.Abstractions": "10.0.11"
        }
      },
      "Microsoft.Extensions.Logging": {
        "type": "Transitive",
        "resolved": "10.0.11",
        "contentHash": "nUOJwgFkSiLHiVGFpU22pIJtuWYewuSYQ3JVuP/gdK8ASMT807Px+TYQiRWs6uSsOmoyFTaVCwKXTasczV6BpA==",
        "dependencies": {
          "Microsoft.Extensions.DependencyInjection": "10.0.11",
          "Microsoft.Extensions.Logging.Abstractions": "10.0.11",
          "Microsoft.Extensions.Options": "10.0.11"
        }
      },
      "Microsoft.Extensions.Logging.Abstractions": {
        "type": "Transitive",
        "resolved": "10.0.11",
        "contentHash": "Ljd0Uxoq5XpScD2Bg0nM/r3mwx7Ao5Uq24eo2ARxbGvqJ7Zht6rt2cJtwVRH4Cv+1ZVMdXz6TB43KbpmsxRrvQ==",
        "dependencies": {
          "Microsoft.Extensions.DependencyInjection.Abstractions": "10.0.11"
        }
      },
      "Microsoft.Extensions.Logging.Configuration": {
        "type": "Transitive",
        "resolved": "10.0.11",
        "contentHash": "S7LvLeVHKNPaY2NMyxW7c2TBGsLgxoSUBCV5Ev5iN8kgC7EPR2UB7eW7vHsElGMcIUDwRmoxLfvGDynCn3q6EA==",
        "dependencies": {
          "Microsoft.Extensions.Configuration": "10.0.11",
          "Microsoft.Extensions.Configuration.Abstractions": "10.0.11",
          "Microsoft.Extensions.Configuration.Binder": "10.0.11",
          "Microsoft.Extensions.DependencyInjection.Abstractions": "10.0.11",
          "Microsoft.Extensions.Logging": "10.0.11",
          "Microsoft.Extensions.Logging.Abstractions": "10.0.11",
          "Microsoft.Extensions.Options": "10.0.11",
          "Microsoft.Extensions.Options.ConfigurationExtensions": "10.0.11"
        }
      },
      "Microsoft.Extensions.Logging.Console": {
        "type": "Transitive",
        "resolved": "10.0.11",
        "contentHash": "dFc0yDudyD1iIg6z9XT7ofsT3hVO7Y4ylrxGHIVRR0GaZ4CUk4ujOrMoy7wWEdNHZhvJooySg6hZpOxyS8zEVA==",
        "dependencies": {
          "Microsoft.Extensions.DependencyInjection.Abstractions": "10.0.11",
          "Microsoft.Extensions.Logging": "10.0.11",
          "Microsoft.Extensions.Logging.Abstractions": "10.0.11",
          "Microsoft.Extensions.Logging.Configuration": "10.0.11",
          "Microsoft.Extensions.Options": "10.0.11"
        }
      },
      "Microsoft.Extensions.Logging.Debug": {
        "type": "Transitive",
        "resolved": "10.0.11",
        "contentHash": "wr+j1bjdFXhc8lKTLoq+RbwFM8M+orcMS9xrcqLmDGOxJcXpKizEeE5h6v/GKwCZV02FmhaA7OlNjoq072jZpQ==",
        "dependencies": {
          "Microsoft.Extensions.DependencyInjection.Abstractions": "10.0.11",
          "Microsoft.Extensions.Logging": "10.0.11",
          "Microsoft.Extensions.Logging.Abstractions": "10.0.11"
        }
      },
      "Microsoft.Extensions.Logging.EventLog": {
        "type": "Transitive",
        "resolved": "10.0.11",
        "contentHash": "Eck9GpCCpvZ3f6L7IUlN+mPtRVefnf7PsiIG5vi61QawPtLNCEAv2TPD/M3SojcU0PFaef+BxiVGPOShFHtDog==",
        "dependencies": {
          "Microsoft.Extensions.DependencyInjection.Abstractions": "10.0.11",
          "Microsoft.Extensions.Logging": "10.0.11",
          "Microsoft.Extensions.Logging.Abstractions": "10.0.11",
          "Microsoft.Extensions.Options": "10.0.11",
          "System.Diagnostics.EventLog": "10.0.11"
        }
      },
      "Microsoft.Extensions.Logging.EventSource": {
        "type": "Transitive",
        "resolved": "10.0.11",
        "contentHash": "hs6QWECLLohi2VKqUvSGRUvrg7eXR1DqKL95Jrtz3cdD2g2nBA+yJPdRQLZ7SLmnTZWycxfMDK2s0ho+rfst5w==",
        "dependencies": {
          "Microsoft.Extensions.DependencyInjection.Abstractions": "10.0.11",
          "Microsoft.Extensions.Logging": "10.0.11",
          "Microsoft.Extensions.Logging.Abstractions": "10.0.11",
          "Microsoft.Extensions.Options": "10.0.11",
          "Microsoft.Extensions.Primitives": "10.0.11"
        }
      },
      "Microsoft.Extensions.Options": {
        "type": "Transitive",
        "resolved": "10.0.11",
        "contentHash": "eY1GAKcTfD2maP27J84X9IovT3yjHJ2dVDzPmDg6/XqYvt3jMzJhtfQCLjG9pVsZGAd+8DQ2QrjaDcs2+VQLGw==",
        "dependencies": {
          "Microsoft.Extensions.DependencyInjection.Abstractions": "10.0.11",
          "Microsoft.Extensions.Primitives": "10.0.11"
        }
      },
      "Microsoft.Extensions.Options.ConfigurationExtensions": {
        "type": "Transitive",
        "resolved": "10.0.11",
        "contentHash": "syEhXQ/sEaSBFaqzlp9gDGHX/nk6gkQkh1sIUpBO1mlBj3Phu1rmb4ML1uCiyPW9N6Kxfxv3y5FGObC+bV01Qw==",
        "dependencies": {
          "Microsoft.Extensions.Configuration.Abstractions": "10.0.11",
          "Microsoft.Extensions.Configuration.Binder": "10.0.11",
          "Microsoft.Extensions.DependencyInjection.Abstractions": "10.0.11",
          "Microsoft.Extensions.Options": "10.0.11",
          "Microsoft.Extensions.Primitives": "10.0.11"
        }
      },
      "Microsoft.Extensions.Primitives": {
        "type": "Transitive",
        "resolved": "10.0.11",
        "contentHash": "SXcz+kF+4Oo9b1+55zntpJFYfwb1jw66ioxptyNOOTDc8g2FHnBFWjZpsWfCvZIhzr0x+4e2trVTs4OKwQfBtw=="
      },
      "Microsoft.IdentityModel.Abstractions": {
        "type": "Transitive",
        "resolved": "8.22.0",
        "contentHash": "LU3V3owsu4vGpCg2kyL7SsQEuHwcoJ8FSNBqzLADzCf3/PcKUTcx5Plsd51DoTJMfK/WigXV/03UhaN5JXE6uQ=="
      },
      "Microsoft.IdentityModel.JsonWebTokens": {
        "type": "Transitive",
        "resolved": "8.22.0",
        "contentHash": "kv6peMLjALZLDAy2H3F77KjVRdwiscn2p/g3ui2chcbuEcAX2MpAbyDcYnJ7Vyh8jZ1aJWrniUMCDWoOgnu4NQ==",
        "dependencies": {
          "Microsoft.IdentityModel.Tokens": "8.22.0"
        }
      },
      "Microsoft.IdentityModel.Logging": {
        "type": "Transitive",
        "resolved": "8.22.0",
        "contentHash": "G9Tl0yXSlr2pkXv4EpXjO16M4q6oo9N/od+gNyOusZ8yM8LZg1H3f/QOMFuOJiV6znzY5MkAREU97JRRnqpEQw==",
        "dependencies": {
          "Microsoft.IdentityModel.Abstractions": "8.22.0"
        }
      },
      "Microsoft.IdentityModel.Tokens": {
        "type": "Transitive",
        "resolved": "8.22.0",
        "contentHash": "i4lywKKUuVmheCUA+w/q8QNPReNI0qanHI9hhz48AFqD1ljyb8sxPL2RbXOGiPV13XdJ4kxieL9ukS7tD43LxA==",
        "dependencies": {
          "Microsoft.Bcl.Cryptography": "10.0.2",
          "Microsoft.Extensions.Logging.Abstractions": "8.0.0",
          "Microsoft.IdentityModel.Logging": "8.22.0"
        }
      },
      "Microsoft.NET.StringTools": {
        "type": "Transitive",
        "resolved": "17.11.4",
        "contentHash": "mudqUHhNpeqIdJoUx2YDWZO/I9uEDYVowan89R6wsomfnUJQk6HteoQTlNjZDixhT2B4IXMkMtgZtoceIjLRmA=="
      },
      "NAudio.Asio": {
        "type": "Transitive",
        "resolved": "2.3.0",
        "contentHash": "I+rAAPT8vmSEw4d4ie+AoSkrvNK6ylRrXznnjQKS+qZgTA9Jnt1Pxe0EaU8nXxOOq5h8ucBSWccBEw6I/J0nkQ==",
        "dependencies": {
          "NAudio.Core": "2.3.0"
        }
      },
      "NAudio.Core": {
        "type": "Transitive",
        "resolved": "2.3.0",
        "contentHash": "jMd7r6dB6tAtXhOYL58ntPqwERNm1/Rhw5MKOIYvsnXzuX+PTGsa2VMam6n0npZYSwlSidKa4GAm4bFcXFUlcg=="
      },
      "NAudio.Midi": {
        "type": "Transitive",
        "resolved": "2.3.0",
        "contentHash": "t8wvPFPHHQOHhoNMCaDE8OiYZoJuxmY4H6UPBtmnf+xx7oQuajFCqlG4Q00ID+tiEyj471WeVb4Nkylr4tDoow==",
        "dependencies": {
          "NAudio.Core": "2.3.0"
        }
      },
      "NAudio.Wasapi": {
        "type": "Transitive",
        "resolved": "2.3.0",
        "contentHash": "y5K2BxrLnvohgu5znzg5wRsai3YcuNXfrpo68i7PmCQqpK5MC/R24e5aO3OyN/XhfRr12e0QYV0OnUWEHi5SzA==",
        "dependencies": {
          "NAudio.Core": "2.3.0"
        }
      },
      "NAudio.WinForms": {
        "type": "Transitive",
        "resolved": "2.3.0",
        "contentHash": "vyKqFUlAZrZ0QPcCM1T+zimjYgC1cNDloHaiOdtV4S1eK4AGu3Dz1EE4yy/WgcneJwQNjGFaELY7b2TsL+g56w==",
        "dependencies": {
          "NAudio.WinMM": "2.3.0"
        }
      },
      "NAudio.WinMM": {
        "type": "Transitive",
        "resolved": "2.3.0",
        "contentHash": "5G1dRjsZm50T3luyuqcmI2BSvj3K4ZJaD/x776/0Epj88qOsOryDZG40+MufwIk1UFJSFWhRobBqtJYFc8Ss4g==",
        "dependencies": {
          "NAudio.Core": "2.3.0"
        }
      },
      "SharpGen.Runtime": {
        "type": "Transitive",
        "resolved": "2.4.2-beta",
        "contentHash": "niTtWAUov1F7wZGAlVeEvW+Tnqvg5yTmhI7rxmYu2Utoyu2TbC9tWWpUpMs0PQg5lu5svoYpCAztNjxCqMFP/w=="
      },
      "SharpGen.Runtime.COM": {
        "type": "Transitive",
        "resolved": "2.4.2-beta",
        "contentHash": "9lxDFMiepqo3lJQzMSjECCIONeCc2f3Drokgj6HtrTLZcJSftNgcLbD6/iXYj2iphkwgrZb1oLsDOZxoFZkawQ==",
        "dependencies": {
          "SharpGen.Runtime": "2.4.2-beta"
        }
      },
      "SQLite": {
        "type": "Transitive",
        "resolved": "3.53.4",
        "contentHash": "KN7jeWqgUPeBRe1FlcpZURzxomuKKEKHmBBQfg+Nx7NkY1LjKhzHvH+3ASkNvhayESE34nMBinL9CV21JfPRJw=="
      },
      "SQLitePCLRaw.config.e_sqlite3": {
        "type": "Transitive",
        "resolved": "3.0.5",
        "contentHash": "aSk8WE5tF2MybESMgtZAEyMVCAWA0nBqOMc48HFoa9UoSdtm3goDXVzNRnefeKIwE6bV9NaNXptn1F9ReMQI0Q==",
        "dependencies": {
          "SQLitePCLRaw.provider.e_sqlite3": "3.0.5"
        }
      },
      "SQLitePCLRaw.core": {
        "type": "Transitive",
        "resolved": "3.0.5",
        "contentHash": "k81AYXXRCw3Zj8rOhyBoCsx/U97KYDFI2CSKr/ijl5BwpsW/hX/4kBiDmerFaoust8nxBwa0IHQFw8MmSHRtnQ=="
      },
      "SQLitePCLRaw.provider.e_sqlite3": {
        "type": "Transitive",
        "resolved": "3.0.5",
        "contentHash": "um8YSWduhhuskTG2bHfZrBqMNQOydfU8pcseT+cu5RivOGyoUbCrGXxgoRNTmRYw2VbMWnEZVVFcneZT/5dsBg==",
        "dependencies": {
          "SQLitePCLRaw.core": "3.0.5"
        }
      },
      "System.Diagnostics.EventLog": {
        "type": "Transitive",
        "resolved": "10.0.11",
        "contentHash": "QTXEoQBzz00SFWbo7nAg1Ogd4f99lwqcO9uAJ7MYSLEUR28f6As32QktrqG2Fr9cfAfd1GjLyGYspE7Ipj7P6w=="
      },
      "Vortice.DirectX": {
        "type": "Transitive",
        "resolved": "3.8.3",
        "contentHash": "nKwSavv0w5rDF7prSefqAVPDcTyqrfZxKFMVfttiXPfm62VdA/1d+b3PhCZpW4xO7jXczXDwjQdWgD1zGsvM8w==",
        "dependencies": {
          "SharpGen.Runtime": "2.4.2-beta",
          "SharpGen.Runtime.COM": "2.4.2-beta",
          "Vortice.Mathematics": "2.1.0"
        }
      },
      "Vortice.Mathematics": {
        "type": "Transitive",
        "resolved": "2.1.0",
        "contentHash": "KK+SjNSuKdP+zbavekubi+vaeb1Jo4k87ZF6CMkVWjr6RjJwc8peVtmgzXXDIMy4ZC3ZISyk3llY3q65ISOkBQ=="
      },
      "snowcloak.core": {
        "type": "Project",
        "dependencies": {
          "ElezenTools.Core": "[15.56.0, )",
          "Microsoft.Extensions.Logging.Abstractions": "[10.0.11, )",
          "Snowcloak.API": "[4.2.2.1, )"
        }
      },
      "snowcloak.game": {
        "type": "Project",
        "dependencies": {
          "Microsoft.Extensions.Hosting.Abstractions": "[10.0.11, )",
          "Microsoft.Extensions.Logging.Abstractions": "[10.0.11, )",
          "Snowcloak.Core": "[1.0.0, )"
        }
      },
      "snowcloak.infrastructure": {
        "type": "Project",
        "dependencies": {
          "Microsoft.Data.Sqlite": "[10.0.11, )",
          "Microsoft.Extensions.Logging.Abstractions": "[10.0.11, )",
          "SQLitePCLRaw.bundle_e_sqlite3": "[3.0.5, )",
          "Snowcloak.CacheFile": "[4.2.1.1, )",
          "Snowcloak.Core": "[1.0.0, )"
        }
      }
    },
    "net10.0-windows7.0/win-x64": {
      "Blake3": {
        "type": "Direct",
        "requested": "[2.2.1, )",
        "resolved": "2.2.1",
        "contentHash": "HfNW2Iiy4hCaVDVGFEyk0mks+M5HSU3O8O517LyYkI6FFuj2jpvNlag4kGQFDSRmJi4/axgOei8k02NKq/uoDg=="
      },
      "SQLite": {
        "type": "Transitive",
        "resolved": "3.53.4",
        "contentHash": "KN7jeWqgUPeBRe1FlcpZURzxomuKKEKHmBBQfg+Nx7NkY1LjKhzHvH+3ASkNvhayESE34nMBinL9CV21JfPRJw=="
      },
      "System.Diagnostics.EventLog": {
        "type": "Transitive",
        "resolved": "10.0.11",
        "contentHash": "QTXEoQBzz00SFWbo7nAg1Ogd4f99lwqcO9uAJ7MYSLEUR28f6As32QktrqG2Fr9cfAfd1GjLyGYspE7Ipj7P6w=="
      }
    }
  }
}